
Microsoft Visual Studio Solution File, Format Version 12.00
# Visual Studio Version 16
VisualStudioVersion = 16.0.29613.14
MinimumVisualStudioVersion = 10.0.40219.1
Project("{FAE04EC0-301F-11D3-BF4B-00C04F79EFBC}") = "birthday", "birthday\birthday.csproj", "{B013C8C6-65E7-4201-A193-1DB7CB7E0B3C}"
EndProject
Global
	GlobalSection(SolutionConfigurationPlatforms) = preSolution
		Debug|Any CPU = Debug|Any CPU
		Release|Any CPU = Release|Any CPU
	EndGlobalSection
	GlobalSection(ProjectConfigurationPlatforms) = postSolution
		{B013C8C6-65E7-4201-A193-1DB7CB7E0B3C}.Debug|Any CPU.ActiveCfg = Debug|Any CPU
		{B013C8C6-65E7-4201-A193-1DB7CB7E0B3C}.Debug|Any CPU.Build.0 = Debug|Any CPU
		{B013C8C6-65E7-4201-A193-1DB7CB7E0B3C}.Release|Any CPU.ActiveCfg = Release|Any CPU
		{B013C8C6-65E7-4201-A193-1DB7CB7E0B3C}.Release|Any CPU.Build.0 = Release|Any CPU
	EndGlobalSection
	GlobalSection(SolutionProperties) = preSolution
		HideSolutionNode = FALSE
	EndGlobalSection
	GlobalSection(ExtensibilityGlobals) = postSolution
		SolutionGuid = {04A54F1B-5CCF-4B1F-814D-2C4D842075CF}
	EndGlobalSection
EndGlobal
